// !$*UTF8*$!
{
	archiveVersion = 1;
	classes = {
	};
	objectVersion = 46;
	objects = {

/* Begin PBXBuildFile section */
		27884B011A7A881D00037B94 /* AppDelegate.swift in Sources */ = {isa = PBXBuildFile; fileRef = 27884B001A7A881D00037B94 /* AppDelegate.swift */; };
		27884B061A7A881D00037B94 /* Main.storyboard in Resources */ = {isa = PBXBuildFile; fileRef = 27884B041A7A881D00037B94 /* Main.storyboard */; };
		27884B081A7A881D00037B94 /* Images.xcassets in Resources */ = {isa = PBXBuildFile; fileRef = 27884B071A7A881D00037B94 /* Images.xcassets */; };
		27884B0B1A7A881D00037B94 /* LaunchScreen.xib in Resources */ = {isa = PBXBuildFile; fileRef = 27884B091A7A881D00037B94 /* LaunchScreen.xib */; };
		27884B171A7A881D00037B94 /* InstaKiloTests.swift in Sources */ = {isa = PBXBuildFile; fileRef = 27884B161A7A881D00037B94 /* InstaKiloTests.swift */; };
		27884CAE1A7AB8AE00037B94 /* CollectionViewController.swift in Sources */ = {isa = PBXBuildFile; fileRef = 27884CAD1A7AB8AE00037B94 /* CollectionViewController.swift */; };
		27884CB01A7ABAA700037B94 /* PhotoCell.swift in Sources */ = {isa = PBXBuildFile; fileRef = 27884CAF1A7ABAA600037B94 /* PhotoCell.swift */; };
		27884CB41A7ABC7200037B94 /* AnimalKingdom in Resources */ = {isa = PBXBuildFile; fileRef = 27884CB31A7ABC7200037B94 /* AnimalKingdom */; };
		27884CB61A7ABE0200037B94 /* Bit.swift in Sources */ = {isa = PBXBuildFile; fileRef = 27884CB51A7ABE0200037B94 /* Bit.swift */; };
		27884CBB1A7AC0CF00037B94 /* BitLoader.swift in Sources */ = {isa = PBXBuildFile; fileRef = 27884CBA1A7AC0CF00037B94 /* BitLoader.swift */; };
		27EB34801A7AD0B200F184CD /* FamousPlaces in Resources */ = {isa = PBXBuildFile; fileRef = 27EB347F1A7AD0B200F184CD /* FamousPlaces */; };
		27EB34821A7AD66800F184CD /* CollectionHeaderView.swift in Sources */ = {isa = PBXBuildFile; fileRef = 27EB34811A7AD66800F184CD /* CollectionHeaderView.swift */; };
/* End PBXBuildFile section */

/* Begin PBXContainerItemProxy section */
		27884B111A7A881D00037B94 /* PBXContainerItemProxy */ = {
			isa = PBXContainerItemProxy;
			containerPortal = 27884AF31A7A881D00037B94 /* Project object */;
			proxyType = 1;
			remoteGlobalIDString = 27884AFA1A7A881D00037B94;
			remoteInfo = InstaKilo;
		};
/* End PBXContainerItemProxy section */

/* Begin PBXFileReference section */
		27884AFB1A7A881D00037B94 /* InstaKilo.app */ = {isa = PBXFileReference; explicitFileType = wrapper.application; includeInIndex = 0; path = InstaKilo.app; sourceTree = BUILT_PRODUCTS_DIR; };
		27884AFF1A7A881D00037B94 /* Info.plist */ = {isa = PBXFileReference; lastKnownFileType = text.plist.xml; path = Info.plist; sourceTree = "<group>"; };
		27884B001A7A881D00037B94 /* AppDelegate.swift */ = {isa = PBXFileReference; lastKnownFileType = sourcecode.swift; path = AppDelegate.swift; sourceTree = "<group>"; };
		27884B051A7A881D00037B94 /* Base */ = {isa = PBXFileReference; lastKnownFileType = file.storyboard; name = Base; path = Base.lproj/Main.storyboard; sourceTree = "<group>"; };
		27884B071A7A881D00037B94 /* Images.xcassets */ = {isa = PBXFileReference; lastKnownFileType = folder.assetcatalog; path = Images.xcassets; sourceTree = "<group>"; };
		27884B0A1A7A881D00037B94 /* Base */ = {isa = PBXFileReference; lastKnownFileType = file.xib; name = Base; path = Base.lproj/LaunchScreen.xib; sourceTree = "<group>"; };
		27884B101A7A881D00037B94 /* InstaKiloTests.xctest */ = {isa = PBXFileReference; explicitFileType = wrapper.cfbundle; includeInIndex = 0; path = InstaKiloTests.xctest; sourceTree = BUILT_PRODUCTS_DIR; };
		27884B151A7A881D00037B94 /* Info.plist */ = {isa = PBXFileReference; lastKnownFileType = text.plist.xml; path = Info.plist; sourceTree = "<group>"; };
		27884B161A7A881D00037B94 /* InstaKiloTests.swift */ = {isa = PBXFileReference; lastKnownFileType = sourcecode.swift; path = InstaKiloTests.swift; sourceTree = "<group>"; };
		27884CAD1A7AB8AE00037B94 /* CollectionViewController.swift */ = {isa = PBXFileReference; fileEncoding = 4; lastKnownFileType = sourcecode.swift; name = CollectionViewController.swift; path = ../CollectionViewController.swift; sourceTree = "<group>"; };
		27884CAF1A7ABAA600037B94 /* PhotoCell.swift */ = {isa = PBXFileReference; fileEncoding = 4; lastKnownFileType = sourcecode.swift; path = PhotoCell.swift; sourceTree = "<group>"; };
		27884CB31A7ABC7200037B94 /* AnimalKingdom */ = {isa = PBXFileReference; lastKnownFileType = folder; path = AnimalKingdom; sourceTree = "<group>"; };
		27884CB51A7ABE0200037B94 /* Bit.swift */ = {isa = PBXFileReference; fileEncoding = 4; lastKnownFileType = sourcecode.swift; path = Bit.swift; sourceTree = "<group>"; };
		27884CB71A7ABEBA00037B94 /* MyPlayground.playground */ = {isa = PBXFileReference; lastKnownFileType = file.playground; path = MyPlayground.playground; sourceTree = "<group>"; };
		27884CBA1A7AC0CF00037B94 /* BitLoader.swift */ = {isa = PBXFileReference; fileEncoding = 4; lastKnownFileType = sourcecode.swift; path = BitLoader.swift; sourceTree = "<group>"; };
		27EB347E1A7ACB7B00F184CD /* SplitExamples.playground */ = {isa = PBXFileReference; lastKnownFileType = file.playground; path = SplitExamples.playground; sourceTree = "<group>"; };
		27EB347F1A7AD0B200F184CD /* FamousPlaces */ = {isa = PBXFileReference; lastKnownFileType = folder; path = FamousPlaces; sourceTree = "<group>"; };
		27EB34811A7AD66800F184CD /* CollectionHeaderView.swift */ = {isa = PBXFileReference; fileEncoding = 4; lastKnownFileType = sourcecode.swift; path = CollectionHeaderView.swift; sourceTree = "<group>"; };
/* End PBXFileReference section */

/* Begin PBXFrameworksBuildPhase section */
		27884AF81A7A881D00037B94 /* Frameworks */ = {
			isa = PBXFrameworksBuildPhase;
			buildActionMask = 2147483647;
			files = (
			);
			runOnlyForDeploymentPostprocessing = 0;
		};
		27884B0D1A7A881D00037B94 /* Frameworks */ = {
			isa = PBXFrameworksBuildPhase;
			buildActionMask = 2147483647;
			files = (
			);
			runOnlyForDeploymentPostprocessing = 0;
		};
/* End PBXFrameworksBuildPhase section */

/* Begin PBXGroup section */
		27884AF21A7A881D00037B94 = {
			isa = PBXGroup;
			children = (
				27884AFD1A7A881D00037B94 /* InstaKilo */,
				27884B131A7A881D00037B94 /* InstaKiloTests */,
				27884AFC1A7A881D00037B94 /* Products */,
			);
			sourceTree = "<group>";
		};
		27884AFC1A7A881D00037B94 /* Products */ = {
			isa = PBXGroup;
			children = (
				27884AFB1A7A881D00037B94 /* InstaKilo.app */,
				27884B101A7A881D00037B94 /* InstaKiloTests.xctest */,
			);
			name = Products;
			sourceTree = "<group>";
		};
		27884AFD1A7A881D00037B94 /* InstaKilo */ = {
			isa = PBXGroup;
			children = (
				27884B001A7A881D00037B94 /* AppDelegate.swift */,
				27884CAC1A7A916600037B94 /* Models */,
				27884CA51A7A8DFC00037B94 /* ViewControllers */,
				27884B041A7A881D00037B94 /* Main.storyboard */,
				27884B071A7A881D00037B94 /* Images.xcassets */,
				27884B201A7A8CE100037B94 /* Resources */,
				27884B091A7A881D00037B94 /* LaunchScreen.xib */,
				27884AFE1A7A881D00037B94 /* Supporting Files */,
			);
			path = InstaKilo;
			sourceTree = "<group>";
		};
		27884AFE1A7A881D00037B94 /* Supporting Files */ = {
			isa = PBXGroup;
			children = (
				27884AFF1A7A881D00037B94 /* Info.plist */,
			);
			name = "Supporting Files";
			sourceTree = "<group>";
		};
		27884B131A7A881D00037B94 /* InstaKiloTests */ = {
			isa = PBXGroup;
			children = (
				27884B161A7A881D00037B94 /* InstaKiloTests.swift */,
				27884B141A7A881D00037B94 /* Supporting Files */,
			);
			path = InstaKiloTests;
			sourceTree = "<group>";
		};
		27884B141A7A881D00037B94 /* Supporting Files */ = {
			isa = PBXGroup;
			children = (
				27884B151A7A881D00037B94 /* Info.plist */,
			);
			name = "Supporting Files";
			sourceTree = "<group>";
		};
		27884B201A7A8CE100037B94 /* Resources */ = {
			isa = PBXGroup;
			children = (
				27884B211A7A8CF300037B94 /* Content */,
			);
			name = Resources;
			sourceTree = "<group>";
		};
		27884B211A7A8CF300037B94 /* Content */ = {
			isa = PBXGroup;
			children = (
				27EB347F1A7AD0B200F184CD /* FamousPlaces */,
				27884CB31A7ABC7200037B94 /* AnimalKingdom */,
			);
			name = Content;
			sourceTree = "<group>";
		};
		27884CA51A7A8DFC00037B94 /* ViewControllers */ = {
			isa = PBXGroup;
			children = (
				27884CAD1A7AB8AE00037B94 /* CollectionViewController.swift */,
				27EB34811A7AD66800F184CD /* CollectionHeaderView.swift */,
				27884CBA1A7AC0CF00037B94 /* BitLoader.swift */,
				27884CAF1A7ABAA600037B94 /* PhotoCell.swift */,
				27884CB71A7ABEBA00037B94 /* MyPlayground.playground */,
				27EB347E1A7ACB7B00F184CD /* SplitExamples.playground */,
				27884CB51A7ABE0200037B94 /* Bit.swift */,
			);
			name = ViewControllers;
			sourceTree = "<group>";
		};
		27884CAC1A7A916600037B94 /* Models */ = {
			isa = PBXGroup;
			children = (
			);
			name = Models;
			sourceTree = "<group>";
		};
/* End PBXGroup section */

/* Begin PBXNativeTarget section */
		27884AFA1A7A881D00037B94 /* InstaKilo */ = {
			isa = PBXNativeTarget;
			buildConfigurationList = 27884B1A1A7A881D00037B94 /* Build configuration list for PBXNativeTarget "InstaKilo" */;
			buildPhases = (
				27884AF71A7A881D00037B94 /* Sources */,
				27884AF81A7A881D00037B94 /* Frameworks */,
				27884AF91A7A881D00037B94 /* Resources */,
			);
			buildRules = (
			);
			dependencies = (
			);
			name = InstaKilo;
			productName = InstaKilo;
			productReference = 27884AFB1A7A881D00037B94 /* InstaKilo.app */;
			productType = "com.apple.product-type.application";
		};
		27884B0F1A7A881D00037B94 /* InstaKiloTests */ = {
			isa = PBXNativeTarget;
			buildConfigurationList = 27884B1D1A7A881D00037B94 /* Build configuration list for PBXNativeTarget "InstaKiloTests" */;
			buildPhases = (
				27884B0C1A7A881D00037B94 /* Sources */,
				27884B0D1A7A881D00037B94 /* Frameworks */,
				27884B0E1A7A881D00037B94 /* Resources */,
			);
			buildRules = (
			);
			dependencies = (
				27884B121A7A881D00037B94 /* PBXTargetDependency */,
			);
			name = InstaKiloTests;
			productName = InstaKiloTests;
			productReference = 27884B101A7A881D00037B94 /* InstaKiloTests.xctest */;
			productType = "com.apple.product-type.bundle.unit-test";
		};
/* End PBXNativeTarget section */

/* Begin PBXProject section */
		27884AF31A7A881D00037B94 /* Project object */ = {
			isa = PBXProject;
			attributes = {
				LastUpgradeCheck = 0610;
				ORGANIZATIONNAME = "Mike Reining";
				TargetAttributes = {
					27884AFA1A7A881D00037B94 = {
						CreatedOnToolsVersion = 6.1.1;
					};
					27884B0F1A7A881D00037B94 = {
						CreatedOnToolsVersion = 6.1.1;
						TestTargetID = 27884AFA1A7A881D00037B94;
					};
				};
			};
			buildConfigurationList = 27884AF61A7A881D00037B94 /* Build configuration list for PBXProject "InstaKilo" */;
			compatibilityVersion = "Xcode 3.2";
			developmentRegion = English;
			hasScannedForEncodings = 0;
			knownRegions = (
				en,
				Base,
			);
			mainGroup = 27884AF21A7A881D00037B94;
			productRefGroup = 27884AFC1A7A881D00037B94 /* Products */;
			projectDirPath = "";
			projectRoot = "";
			targets = (
				27884AFA1A7A881D00037B94 /* InstaKilo */,
				27884B0F1A7A881D00037B94 /* InstaKiloTests */,
			);
		};
/* End PBXProject section */

/* Begin PBXResourcesBuildPhase section */
		27884AF91A7A881D00037B94 /* Resources */ = {
			isa = PBXResourcesBuildPhase;
			buildActionMask = 2147483647;
			files = (
				27EB34801A7AD0B200F184CD /* FamousPlaces in Resources */,
				27884CB41A7ABC7200037B94 /* AnimalKingdom in Resources */,
				27884B061A7A881D00037B94 /* Main.storyboard in Resources */,
				27884B0B1A7A881D00037B94 /* LaunchScreen.xib in Resources */,
				27884B081A7A881D00037B94 /* Images.xcassets in Resources */,
			);
			runOnlyForDeploymentPostprocessing = 0;
		};
		27884B0E1A7A881D00037B94 /* Resources */ = {
			isa = PBXResourcesBuildPhase;
			buildActionMask = 2147483647;
			files = (
			);
			runOnlyForDeploymentPostprocessing = 0;
		};
/* End PBXResourcesBuildPhase section */

/* Begin PBXSourcesBuildPhase section */
		27884AF71A7A881D00037B94 /* Sources */ = {
			isa = PBXSourcesBuildPhase;
			buildActionMask = 2147483647;
			files = (
				27884CB61A7ABE0200037B94 /* Bit.swift in Sources */,
				27884CAE1A7AB8AE00037B94 /* CollectionViewController.swift in Sources */,
				27884CB01A7ABAA700037B94 /* PhotoCell.swift in Sources */,
				27EB34821A7AD66800F184CD /* CollectionHeaderView.swift in Sources */,
				27884CBB1A7AC0CF00037B94 /* BitLoader.swift in Sources */,
				27884B011A7A881D00037B94 /* AppDelegate.swift in Sources */,
			);
			runOnlyForDeploymentPostprocessing = 0;
		};
		27884B0C1A7A881D00037B94 /* Sources */ = {
			isa = PBXSourcesBuildPhase;
			buildActionMask = 2147483647;
			files = (
				27884B171A7A881D00037B94 /* InstaKiloTests.swift in Sources */,
			);
			runOnlyForDeploymentPostprocessing = 0;
		};
/* End PBXSourcesBuildPhase section */

/* Begin PBXTargetDependency section */
		27884B121A7A881D00037B94 /* PBXTargetDependency */ = {
			isa = PBXTargetDependency;
			target = 27884AFA1A7A881D00037B94 /* InstaKilo */;
			targetProxy = 27884B111A7A881D00037B94 /* PBXContainerItemProxy */;
		};
/* End PBXTargetDependency section */

/* Begin PBXVariantGroup section */
		27884B041A7A881D00037B94 /* Main.storyboard */ = {
			isa = PBXVariantGroup;
			children = (
				27884B051A7A881D00037B94 /* Base */,
			);
			name = Main.storyboard;
			sourceTree = "<group>";
		};
		27884B091A7A881D00037B94 /* LaunchScreen.xib */ = {
			isa = PBXVariantGroup;
			children = (
				27884B0A1A7A881D00037B94 /* Base */,
			);
			name = LaunchScreen.xib;
			sourceTree = "<group>";
		};
/* End PBXVariantGroup section */

/* Begin XCBuildConfiguration section */
		27884B181A7A881D00037B94 /* Debug */ = {
			isa = XCBuildConfiguration;
			buildSettings = {
				ALWAYS_SEARCH_USER_PATHS = NO;
				CLANG_CXX_LANGUAGE_STANDARD = "gnu++0x";
				CLANG_CXX_LIBRARY = "libc++";
				CLANG_ENABLE_MODULES = YES;
				CLANG_ENABLE_OBJC_ARC = YES;
				CLANG_WARN_BOOL_CONVERSION = YES;
				CLANG_WARN_CONSTANT_CONVERSION = YES;
				CLANG_WARN_DIRECT_OBJC_ISA_USAGE = YES_ERROR;
				CLANG_WARN_EMPTY_BODY = YES;
				CLANG_WARN_ENUM_CONVERSION = YES;
				CLANG_WARN_INT_CONVERSION = YES;
				CLANG_WARN_OBJC_ROOT_CLASS = YES_ERROR;
				CLANG_WARN_UNREACHABLE_CODE = YES;
				CLANG_WARN__DUPLICATE_METHOD_MATCH = YES;
				"CODE_SIGN_IDENTITY[sdk=iphoneos*]" = "iPhone Developer";
				COPY_PHASE_STRIP = NO;
				ENABLE_STRICT_OBJC_MSGSEND = YES;
				GCC_C_LANGUAGE_STANDARD = gnu99;
				GCC_DYNAMIC_NO_PIC = NO;
				GCC_OPTIMIZATION_LEVEL = 0;
				GCC_PREPROCESSOR_DEFINITIONS = (
					"DEBUG=1",
					"$(inherited)",
				);
				GCC_SYMBOLS_PRIVATE_EXTERN = NO;
				GCC_WARN_64_TO_32_BIT_CONVERSION = YES;
				GCC_WARN_ABOUT_RETURN_TYPE = YES_ERROR;
				GCC_WARN_UNDECLARED_SELECTOR = YES;
				GCC_WARN_UNINITIALIZED_AUTOS = YES_AGGRESSIVE;
				GCC_WARN_UNUSED_FUNCTION = YES;
				GCC_WARN_UNUSED_VARIABLE = YES;
				IPHONEOS_DEPLOYMENT_TARGET = 8.1;
				MTL_ENABLE_DEBUG_INFO = YES;
				ONLY_ACTIVE_ARCH = YES;
				SDKROOT = iphoneos;
				SWIFT_OPTIMIZATION_LEVEL = "-Onone";
				TARGETED_DEVICE_FAMILY = "1,2";
			};
			name = Debug;
		};
		27884B191A7A881D00037B94 /* Release */ = {
			isa = XCBuildConfiguration;
			buildSettings = {
				ALWAYS_SEARCH_USER_PATHS = NO;
				CLANG_CXX_LANGUAGE_STANDARD = "gnu++0x";
				CLANG_CXX_LIBRARY = "libc++";
				CLANG_ENABLE_MODULES = YES;
				CLANG_ENABLE_OBJC_ARC = YES;
				CLANG_WARN_BOOL_CONVERSION = YES;
				CLANG_WARN_CONSTANT_CONVERSION = YES;
				CLANG_WARN_DIRECT_OBJC_ISA_USAGE = YES_ERROR;
				CLANG_WARN_EMPTY_BODY = YES;
				CLANG_WARN_ENUM_CONVERSION = YES;
				CLANG_WARN_INT_CONVERSION = YES;
				CLANG_WARN_OBJC_ROOT_CLASS = YES_ERROR;
				CLANG_WARN_UNREACHABLE_CODE = YES;
				CLANG_WARN__DUPLICATE_METHOD_MATCH = YES;
				"CODE_SIGN_IDENTITY[sdk=iphoneos*]" = "iPhone Developer";
				COPY_PHASE_STRIP = YES;
				ENABLE_NS_ASSERTIONS = NO;
				ENABLE_STRICT_OBJC_MSGSEND = YES;
				GCC_C_LANGUAGE_STANDARD = gnu99;
				GCC_WARN_64_TO_32_BIT_CONVERSION = YES;
				GCC_WARN_ABOUT_RETURN_TYPE = YES_ERROR;
				GCC_WARN_UNDECLARED_SELECTOR = YES;
				GCC_WARN_UNINITIALIZED_AUTOS = YES_AGGRESSIVE;
				GCC_WARN_UNUSED_FUNCTION = YES;
				GCC_WARN_UNUSED_VARIABLE = YES;
				IPHONEOS_DEPLOYMENT_TARGET = 8.1;
				MTL_ENABLE_DEBUG_INFO = NO;
				SDKROOT = iphoneos;
				TARGETED_DEVICE_FAMILY = "1,2";
				VALIDATE_PRODUCT = YES;
			};
			name = Release;
		};
		27884B1B1A7A881D00037B94 /* Debug */ = {
			isa = XCBuildConfiguration;
			buildSettings = {
				ASSETCATALOG_COMPILER_APPICON_NAME = AppIcon;
				INFOPLIST_FILE = InstaKilo/Info.plist;
				LD_RUNPATH_SEARCH_PATHS = "$(inherited) @executable_path/Frameworks";
				PRODUCT_NAME = "$(TARGET_NAME)";
			};
			name = Debug;
		};
		27884B1C1A7A881D00037B94 /* Release */ = {
			isa = XCBuildConfiguration;
			buildSettings = {
				ASSETCATALOG_COMPILER_APPICON_NAME = AppIcon;
				INFOPLIST_FILE = InstaKilo/Info.plist;
				LD_RUNPATH_SEARCH_PATHS = "$(inherited) @executable_path/Frameworks";
				PRODUCT_NAME = "$(TARGET_NAME)";
			};
			name = Release;
		};
		27884B1E1A7A881D00037B94 /* Debug */ = {
			isa = XCBuildConfiguration;
			buildSettings = {
				BUNDLE_LOADER = "$(TEST_HOST)";
				FRAMEWORK_SEARCH_PATHS = (
					"$(SDKROOT)/Developer/Library/Frameworks",
					"$(inherited)",
				);
				GCC_PREPROCESSOR_DEFINITIONS = (
					"DEBUG=1",
					"$(inherited)",
				);
				INFOPLIST_FILE = InstaKiloTests/Info.plist;
				LD_RUNPATH_SEARCH_PATHS = "$(inherited) @executable_path/Frameworks @loader_path/Frameworks";
				PRODUCT_NAME = "$(TARGET_NAME)";
				TEST_HOST = "$(BUILT_PRODUCTS_DIR)/InstaKilo.app/InstaKilo";
			};
			name = Debug;
		};
		27884B1F1A7A881D00037B94 /* Release */ = {
			isa = XCBuildConfiguration;
			buildSettings = {
				BUNDLE_LOADER = "$(TEST_HOST)";
				FRAMEWORK_SEARCH_PATHS = (
					"$(SDKROOT)/Developer/Library/Frameworks",
					"$(inherited)",
				);
				INFOPLIST_FILE = InstaKiloTests/Info.plist;
				LD_RUNPATH_SEARCH_PATHS = "$(inherited) @executable_path/Frameworks @loader_path/Frameworks";
				PRODUCT_NAME = "$(TARGET_NAME)";
				TEST_HOST = "$(BUILT_PRODUCTS_DIR)/InstaKilo.app/InstaKilo";
			};
			name = Release;
		};
/* End XCBuildConfiguration section */

/* Begin XCConfigurationList section */
		27884AF61A7A881D00037B94 /* Build configuration list for PBXProject "InstaKilo" */ = {
			isa = XCConfigurationList;
			buildConfigurations = (
				27884B181A7A881D00037B94 /* Debug */,
				27884B191A7A881D00037B94 /* Release */,
			);
			defaultConfigurationIsVisible = 0;
			defaultConfigurationName = Release;
		};
		27884B1A1A7A881D00037B94 /* Build configuration list for PBXNativeTarget "InstaKilo" */ = {
			isa = XCConfigurationList;
			buildConfigurations = (
				27884B1B1A7A881D00037B94 /* Debug */,
				27884B1C1A7A881D00037B94 /* Release */,
			);
			defaultConfigurationIsVisible = 0;
			defaultConfigurationName = Release;
		};
		27884B1D1A7A881D00037B94 /* Build configuration list for PBXNativeTarget "InstaKiloTests" */ = {
			isa = XCConfigurationList;
			buildConfigurations = (
				27884B1E1A7A881D00037B94 /* Debug */,
				27884B1F1A7A881D00037B94 /* Release */,
			);
			defaultConfigurationIsVisible = 0;
			defaultConfigurationName = Release;
		};
/* End XCConfigurationList section */
	};
	rootObject = 27884AF31A7A881D00037B94 /* Project object */;
}
